
Microsoft Visual Studio Solution File, Format Version 12.00
# Visual Studio Version 16
VisualStudioVersion = 16.0.29009.5
MinimumVisualStudioVersion = 10.0.40219.1
Project("{FAE04EC0-301F-11D3-BF4B-00C04F79EFBC}") = "Pop3", "Pop3\Pop3.csproj", "{7919A5DD-A78E-423E-ADA2-315C0BE4CEF3}"
EndProject
Global
	GlobalSection(SolutionConfigurationPlatforms) = preSolution
		Debug|Any CPU = Debug|Any CPU
		Release|Any CPU = Release|Any CPU
	EndGlobalSection
	GlobalSection(ProjectConfigurationPlatforms) = postSolution
		{7919A5DD-A78E-423E-ADA2-315C0BE4CEF3}.Debug|Any CPU.ActiveCfg = Debug|Any CPU
		{7919A5DD-A78E-423E-ADA2-315C0BE4CEF3}.Debug|Any CPU.Build.0 = Debug|Any CPU
		{7919A5DD-A78E-423E-ADA2-315C0BE4CEF3}.Release|Any CPU.ActiveCfg = Release|Any CPU
		{7919A5DD-A78E-423E-ADA2-315C0BE4CEF3}.Release|Any CPU.Build.0 = Release|Any CPU
	EndGlobalSection
	GlobalSection(SolutionProperties) = preSolution
		HideSolutionNode = FALSE
	EndGlobalSection
	GlobalSection(ExtensibilityGlobals) = postSolution
		SolutionGuid = {583DDE12-6A25-45B1-93FF-D2F6EEF5834F}
	EndGlobalSection
EndGlobal
